
Microsoft Visual Studio Solution File, Format Version 12.00
# Visual Studio Version 16
VisualStudioVersion = 16.0.31702.278
MinimumVisualStudioVersion = 10.0.40219.1
Project("{FAE04EC0-301F-11D3-BF4B-00C04F79EFBC}") = "Cafe_Console", "Cafe_Console\Cafe_Console.csproj", "{238D2AB6-378C-4863-BF81-C1B761AF97A2}"
EndProject
Project("{FAE04EC0-301F-11D3-BF4B-00C04F79EFBC}") = "Cafe_Repository", "Cafe_Repository\Cafe_Repository.csproj", "{D5BD2D16-6D45-49F2-9061-BECDEB86B129}"
EndProject
Project("{FAE04EC0-301F-11D3-BF4B-00C04F79EFBC}") = "Cafe_Tests", "Cafe_Tests\Cafe_Tests.csproj", "{6B9E7A26-BFBE-4900-9BCA-9EA5C54A423B}"
EndProject
Project("{FAE04EC0-301F-11D3-BF4B-00C04F79EFBC}") = "Claims_Console", "Claims_Console\Claims_Console.csproj", "{E10F81A7-BB43-4940-AC11-CCF54AFA9240}"
EndProject
Project("{FAE04EC0-301F-11D3-BF4B-00C04F79EFBC}") = "Claims_Repository", "Claims_Repository\Claims_Repository.csproj", "{AAA27CE6-F44C-43A2-BCCE-C60E14A8936E}"
EndProject
Project("{FAE04EC0-301F-11D3-BF4B-00C04F79EFBC}") = "Claims_Tests", "Claims_Tests\Claims_Tests.csproj", "{AF14F2C5-CC6A-4925-B91C-75A4747766DB}"
EndProject
Project("{FAE04EC0-301F-11D3-BF4B-00C04F79EFBC}") = "Badges_Console", "Badges_Console\Badges_Console.csproj", "{1E0873E0-7FE8-4C0F-9DA6-E937E9867C96}"
EndProject
Project("{FAE04EC0-301F-11D3-BF4B-00C04F79EFBC}") = "Badges_Repository", "Badges_Repository\Badges_Repository.csproj", "{8ADB1880-DE08-4061-80F1-34438E0ED739}"
EndProject
Project("{FAE04EC0-301F-11D3-BF4B-00C04F79EFBC}") = "Badges_Tests", "Badges_Tests\Badges_Tests.csproj", "{96F1B8C5-AA1F-49FC-AA11-B1CD686CA2D4}"
EndProject
Project("{FAE04EC0-301F-11D3-BF4B-00C04F79EFBC}") = "CompanyOutings_Console", "CompanyOutings_Console\CompanyOutings_Console.csproj", "{BEC80D6E-0876-4E9E-B0AE-843BE198FF46}"
EndProject
Project("{FAE04EC0-301F-11D3-BF4B-00C04F79EFBC}") = "CompanyOutings_Repository", "CompanyOutings_Repository\CompanyOutings_Repository.csproj", "{B2BAE829-4E8C-45F7-AE5E-4830FB169E29}"
EndProject
Project("{FAE04EC0-301F-11D3-BF4B-00C04F79EFBC}") = "CompanyOutings_Tests", "CompanyOutings_Tests\CompanyOutings_Tests.csproj", "{CD598631-05B2-4CA3-A0B8-7EA0C0FA5AA2}"
EndProject
Project("{FAE04EC0-301F-11D3-BF4B-00C04F79EFBC}") = "Greeting_Console", "Greeting_Console\Greeting_Console.csproj", "{39A55B7A-02D4-4100-A690-B7C305BFF1D7}"
EndProject
Project("{FAE04EC0-301F-11D3-BF4B-00C04F79EFBC}") = "Greeting_Repository", "Greeting_Repository\Greeting_Repository.csproj", "{E3807B75-4494-4FA1-8E02-098CF365DF92}"
EndProject
Project("{FAE04EC0-301F-11D3-BF4B-00C04F79EFBC}") = "Greeting_Tests", "Greeting_Tests\Greeting_Tests.csproj", "{E7916E31-5996-45F8-B3A1-61A7A7065E01}"
EndProject
Global
	GlobalSection(SolutionConfigurationPlatforms) = preSolution
		Debug|Any CPU = Debug|Any CPU
		Release|Any CPU = Release|Any CPU
	EndGlobalSection
	GlobalSection(ProjectConfigurationPlatforms) = postSolution
		{238D2AB6-378C-4863-BF81-C1B761AF97A2}.Debug|Any CPU.ActiveCfg = Debug|Any CPU
		{238D2AB6-378C-4863-BF81-C1B761AF97A2}.Debug|Any CPU.Build.0 = Debug|Any CPU
		{238D2AB6-378C-4863-BF81-C1B761AF97A2}.Release|Any CPU.ActiveCfg = Release|Any CPU
		{238D2AB6-378C-4863-BF81-C1B761AF97A2}.Release|Any CPU.Build.0 = Release|Any CPU
		{D5BD2D16-6D45-49F2-9061-BECDEB86B129}.Debug|Any CPU.ActiveCfg = Debug|Any CPU
		{D5BD2D16-6D45-49F2-9061-BECDEB86B129}.Debug|Any CPU.Build.0 = Debug|Any CPU
		{D5BD2D16-6D45-49F2-9061-BECDEB86B129}.Release|Any CPU.ActiveCfg = Release|Any CPU
		{D5BD2D16-6D45-49F2-9061-BECDEB86B129}.Release|Any CPU.Build.0 = Release|Any CPU
		{6B9E7A26-BFBE-4900-9BCA-9EA5C54A423B}.Debug|Any CPU.ActiveCfg = Debug|Any CPU
		{6B9E7A26-BFBE-4900-9BCA-9EA5C54A423B}.Debug|Any CPU.Build.0 = Debug|Any CPU
		{6B9E7A26-BFBE-4900-9BCA-9EA5C54A423B}.Release|Any CPU.ActiveCfg = Release|Any CPU
		{6B9E7A26-BFBE-4900-9BCA-9EA5C54A423B}.Release|Any CPU.Build.0 = Release|Any CPU
		{E10F81A7-BB43-4940-AC11-CCF54AFA9240}.Debug|Any CPU.ActiveCfg = Debug|Any CPU
		{E10F81A7-BB43-4940-AC11-CCF54AFA9240}.Debug|Any CPU.Build.0 = Debug|Any CPU
		{E10F81A7-BB43-4940-AC11-CCF54AFA9240}.Release|Any CPU.ActiveCfg = Release|Any CPU
		{E10F81A7-BB43-4940-AC11-CCF54AFA9240}.Release|Any CPU.Build.0 = Release|Any CPU
		{AAA27CE6-F44C-43A2-BCCE-C60E14A8936E}.Debug|Any CPU.ActiveCfg = Debug|Any CPU
		{AAA27CE6-F44C-43A2-BCCE-C60E14A8936E}.Debug|Any CPU.Build.0 = Debug|Any CPU
		{AAA27CE6-F44C-43A2-BCCE-C60E14A8936E}.Release|Any CPU.ActiveCfg = Release|Any CPU
		{AAA27CE6-F44C-43A2-BCCE-C60E14A8936E}.Release|Any CPU.Build.0 = Release|Any CPU
		{AF14F2C5-CC6A-4925-B91C-75A4747766DB}.Debug|Any CPU.ActiveCfg = Debug|Any CPU
		{AF14F2C5-CC6A-4925-B91C-75A4747766DB}.Debug|Any CPU.Build.0 = Debug|Any CPU
		{AF14F2C5-CC6A-4925-B91C-75A4747766DB}.Release|Any CPU.ActiveCfg = Release|Any CPU
		{AF14F2C5-CC6A-4925-B91C-75A4747766DB}.Release|Any CPU.Build.0 = Release|Any CPU
		{1E0873E0-7FE8-4C0F-9DA6-E937E9867C96}.Debug|Any CPU.ActiveCfg = Debug|Any CPU
		{1E0873E0-7FE8-4C0F-9DA6-E937E9867C96}.Debug|Any CPU.Build.0 = Debug|Any CPU
		{1E0873E0-7FE8-4C0F-9DA6-E937E9867C96}.Release|Any CPU.ActiveCfg = Release|Any CPU
		{1E0873E0-7FE8-4C0F-9DA6-E937E9867C96}.Release|Any CPU.Build.0 = Release|Any CPU
		{8ADB1880-DE08-4061-80F1-34438E0ED739}.Debug|Any CPU.ActiveCfg = Debug|Any CPU
		{8ADB1880-DE08-4061-80F1-34438E0ED739}.Debug|Any CPU.Build.0 = Debug|Any CPU
		{8ADB1880-DE08-4061-80F1-34438E0ED739}.Release|Any CPU.ActiveCfg = Release|Any CPU
		{8ADB1880-DE08-4061-80F1-34438E0ED739}.Release|Any CPU.Build.0 = Release|Any CPU
		{96F1B8C5-AA1F-49FC-AA11-B1CD686CA2D4}.Debug|Any CPU.ActiveCfg = Debug|Any CPU
		{96F1B8C5-AA1F-49FC-AA11-B1CD686CA2D4}.Debug|Any CPU.Build.0 = Debug|Any CPU
		{96F1B8C5-AA1F-49FC-AA11-B1CD686CA2D4}.Release|Any CPU.ActiveCfg = Release|Any CPU
		{96F1B8C5-AA1F-49FC-AA11-B1CD686CA2D4}.Release|Any CPU.Build.0 = Release|Any CPU
		{BEC80D6E-0876-4E9E-B0AE-843BE198FF46}.Debug|Any CPU.ActiveCfg = Debug|Any CPU
		{BEC80D6E-0876-4E9E-B0AE-843BE198FF46}.Debug|Any CPU.Build.0 = Debug|Any CPU
		{BEC80D6E-0876-4E9E-B0AE-843BE198FF46}.Release|Any CPU.ActiveCfg = Release|Any CPU
		{BEC80D6E-0876-4E9E-B0AE-843BE198FF46}.Release|Any CPU.Build.0 = Release|Any CPU
		{B2BAE829-4E8C-45F7-AE5E-4830FB169E29}.Debug|Any CPU.ActiveCfg = Debug|Any CPU
		{B2BAE829-4E8C-45F7-AE5E-4830FB169E29}.Debug|Any CPU.Build.0 = Debug|Any CPU
		{B2BAE829-4E8C-45F7-AE5E-4830FB169E29}.Release|Any CPU.ActiveCfg = Release|Any CPU
		{B2BAE829-4E8C-45F7-AE5E-4830FB169E29}.Release|Any CPU.Build.0 = Release|Any CPU
		{CD598631-05B2-4CA3-A0B8-7EA0C0FA5AA2}.Debug|Any CPU.ActiveCfg = Debug|Any CPU
		{CD598631-05B2-4CA3-A0B8-7EA0C0FA5AA2}.Debug|Any CPU.Build.0 = Debug|Any CPU
		{CD598631-05B2-4CA3-A0B8-7EA0C0FA5AA2}.Release|Any CPU.ActiveCfg = Release|Any CPU
		{CD598631-05B2-4CA3-A0B8-7EA0C0FA5AA2}.Release|Any CPU.Build.0 = Release|Any CPU
		{39A55B7A-02D4-4100-A690-B7C305BFF1D7}.Debug|Any CPU.ActiveCfg = Debug|Any CPU
		{39A55B7A-02D4-4100-A690-B7C305BFF1D7}.Debug|Any CPU.Build.0 = Debug|Any CPU
		{39A55B7A-02D4-4100-A690-B7C305BFF1D7}.Release|Any CPU.ActiveCfg = Release|Any CPU
		{39A55B7A-02D4-4100-A690-B7C305BFF1D7}.Release|Any CPU.Build.0 = Release|Any CPU
		{E3807B75-4494-4FA1-8E02-098CF365DF92}.Debug|Any CPU.ActiveCfg = Debug|Any CPU
		{E3807B75-4494-4FA1-8E02-098CF365DF92}.Debug|Any CPU.Build.0 = Debug|Any CPU
		{E3807B75-4494-4FA1-8E02-098CF365DF92}.Release|Any CPU.ActiveCfg = Release|Any CPU
		{E3807B75-4494-4FA1-8E02-098CF365DF92}.Release|Any CPU.Build.0 = Release|Any CPU
		{E7916E31-5996-45F8-B3A1-61A7A7065E01}.Debug|Any CPU.ActiveCfg = Debug|Any CPU
		{E7916E31-5996-45F8-B3A1-61A7A7065E01}.Debug|Any CPU.Build.0 = Debug|Any CPU
		{E7916E31-5996-45F8-B3A1-61A7A7065E01}.Release|Any CPU.ActiveCfg = Release|Any CPU
		{E7916E31-5996-45F8-B3A1-61A7A7065E01}.Release|Any CPU.Build.0 = Release|Any CPU
	EndGlobalSection
	GlobalSection(SolutionProperties) = preSolution
		HideSolutionNode = FALSE
	EndGlobalSection
	GlobalSection(ExtensibilityGlobals) = postSolution
		SolutionGuid = {A7147A35-88A5-4DD0-B88C-C6D49665065D}
	EndGlobalSection
EndGlobal
