
Microsoft Visual Studio Solution File, Format Version 12.00
# Visual Studio Version 16
VisualStudioVersion = 16.0.31702.278
MinimumVisualStudioVersion = 10.0.40219.1
Project("{FAE04EC0-301F-11D3-BF4B-00C04F79EFBC}") = "Cafe_Console", "Cafe_Console\Cafe_Console.csproj", "{238D2AB6-378C-4863-BF81-C1B761AF97A2}"
EndProject
Project("{FAE04EC0-301F-11D3-BF4B-00C04F79EFBC}") = "Cafe_Repository", "Cafe_Repository\Cafe_Repository.csproj", "{D5BD2D16-6D45-49F2-9061-BECDEB86B129}"
EndProject
Project("{FAE04EC0-301F-11D3-BF4B-00C04F79EFBC}") = "Cafe_Tests", "Cafe_Tests\Cafe_Tests.csproj", "{6B9E7A26-BFBE-4900-9BCA-9EA5C54A423B}"
EndProject
Global
	GlobalSection(SolutionConfigurationPlatforms) = preSolution
		Debug|Any CPU = Debug|Any CPU
		Release|Any CPU = Release|Any CPU
	EndGlobalSection
	GlobalSection(ProjectConfigurationPlatforms) = postSolution
		{238D2AB6-378C-4863-BF81-C1B761AF97A2}.Debug|Any CPU.ActiveCfg = Debug|Any CPU
		{238D2AB6-378C-4863-BF81-C1B761AF97A2}.Debug|Any CPU.Build.0 = Debug|Any CPU
		{238D2AB6-378C-4863-BF81-C1B761AF97A2}.Release|Any CPU.ActiveCfg = Release|Any CPU
		{238D2AB6-378C-4863-BF81-C1B761AF97A2}.Release|Any CPU.Build.0 = Release|Any CPU
		{D5BD2D16-6D45-49F2-9061-BECDEB86B129}.Debug|Any CPU.ActiveCfg = Debug|Any CPU
		{D5BD2D16-6D45-49F2-9061-BECDEB86B129}.Debug|Any CPU.Build.0 = Debug|Any CPU
		{D5BD2D16-6D45-49F2-9061-BECDEB86B129}.Release|Any CPU.ActiveCfg = Release|Any CPU
		{D5BD2D16-6D45-49F2-9061-BECDEB86B129}.Release|Any CPU.Build.0 = Release|Any CPU
		{6B9E7A26-BFBE-4900-9BCA-9EA5C54A423B}.Debug|Any CPU.ActiveCfg = Debug|Any CPU
		{6B9E7A26-BFBE-4900-9BCA-9EA5C54A423B}.Debug|Any CPU.Build.0 = Debug|Any CPU
		{6B9E7A26-BFBE-4900-9BCA-9EA5C54A423B}.Release|Any CPU.ActiveCfg = Release|Any CPU
		{6B9E7A26-BFBE-4900-9BCA-9EA5C54A423B}.Release|Any CPU.Build.0 = Release|Any CPU
	EndGlobalSection
	GlobalSection(SolutionProperties) = preSolution
		HideSolutionNode = FALSE
	EndGlobalSection
	GlobalSection(ExtensibilityGlobals) = postSolution
		SolutionGuid = {A7147A35-88A5-4DD0-B88C-C6D49665065D}
	EndGlobalSection
EndGlobal
